
Microsoft Visual Studio Solution File, Format Version 12.00
# Visual Studio 15
VisualStudioVersion = 15.0.27428.2043
MinimumVisualStudioVersion = 10.0.40219.1
Project("{FAE04EC0-301F-11D3-BF4B-00C04F79EFBC}") = "Sales.Android", "Sales\Sales.Android\Sales.Android.csproj", "{93662973-CB91-4759-B947-B47D3D4E3A91}"
EndProject
Project("{FAE04EC0-301F-11D3-BF4B-00C04F79EFBC}") = "Sales.iOS", "Sales\Sales.iOS\Sales.iOS.csproj", "{7E4A46F8-800C-4775-B1A3-FD4298103BB9}"
EndProject
Project("{FAE04EC0-301F-11D3-BF4B-00C04F79EFBC}") = "Sales.UWP", "Sales\Sales.UWP\Sales.UWP.csproj", "{3C1AFCE4-BEB8-4DE5-B1AD-623E20EF638F}"
EndProject
Project("{FAE04EC0-301F-11D3-BF4B-00C04F79EFBC}") = "Sales", "Sales\Sales\Sales.csproj", "{32EB306E-1706-482D-A713-45153DA1E873}"
EndProject
Project("{FAE04EC0-301F-11D3-BF4B-00C04F79EFBC}") = "Sales.Backend", "Sales.Backend\Sales.Backend.csproj", "{B0A3D6B4-1E32-4B62-8321-D7335C6A3576}"
EndProject
Project("{FAE04EC0-301F-11D3-BF4B-00C04F79EFBC}") = "Sales.API", "Sales.API\Sales.API.csproj", "{0EF25D71-D290-4472-BA2B-A5BC7CA3B680}"
EndProject
Project("{FAE04EC0-301F-11D3-BF4B-00C04F79EFBC}") = "Sales.Domain", "Sales.Domain\Sales.Domain.csproj", "{A6F6DE4B-5515-49F3-BDB1-B1B30A216255}"
EndProject
Project("{FAE04EC0-301F-11D3-BF4B-00C04F79EFBC}") = "Sales.Common", "Sales.Common\Sales.Common.csproj", "{97F96A27-5914-4716-8F73-FAB9DAE01F4F}"
EndProject
Global
	GlobalSection(SolutionConfigurationPlatforms) = preSolution
		Ad-Hoc|Any CPU = Ad-Hoc|Any CPU
		Ad-Hoc|ARM = Ad-Hoc|ARM
		Ad-Hoc|iPhone = Ad-Hoc|iPhone
		Ad-Hoc|iPhoneSimulator = Ad-Hoc|iPhoneSimulator
		Ad-Hoc|x64 = Ad-Hoc|x64
		Ad-Hoc|x86 = Ad-Hoc|x86
		AppStore|Any CPU = AppStore|Any CPU
		AppStore|ARM = AppStore|ARM
		AppStore|iPhone = AppStore|iPhone
		AppStore|iPhoneSimulator = AppStore|iPhoneSimulator
		AppStore|x64 = AppStore|x64
		AppStore|x86 = AppStore|x86
		Debug|Any CPU = Debug|Any CPU
		Debug|ARM = Debug|ARM
		Debug|iPhone = Debug|iPhone
		Debug|iPhoneSimulator = Debug|iPhoneSimulator
		Debug|x64 = Debug|x64
		Debug|x86 = Debug|x86
		Release|Any CPU = Release|Any CPU
		Release|ARM = Release|ARM
		Release|iPhone = Release|iPhone
		Release|iPhoneSimulator = Release|iPhoneSimulator
		Release|x64 = Release|x64
		Release|x86 = Release|x86
	EndGlobalSection
	GlobalSection(ProjectConfigurationPlatforms) = postSolution
		{93662973-CB91-4759-B947-B47D3D4E3A91}.Ad-Hoc|Any CPU.ActiveCfg = Release|Any CPU
		{93662973-CB91-4759-B947-B47D3D4E3A91}.Ad-Hoc|Any CPU.Build.0 = Release|Any CPU
		{93662973-CB91-4759-B947-B47D3D4E3A91}.Ad-Hoc|Any CPU.Deploy.0 = Release|Any CPU
		{93662973-CB91-4759-B947-B47D3D4E3A91}.Ad-Hoc|ARM.ActiveCfg = Release|Any CPU
		{93662973-CB91-4759-B947-B47D3D4E3A91}.Ad-Hoc|ARM.Build.0 = Release|Any CPU
		{93662973-CB91-4759-B947-B47D3D4E3A91}.Ad-Hoc|ARM.Deploy.0 = Release|Any CPU
		{93662973-CB91-4759-B947-B47D3D4E3A91}.Ad-Hoc|iPhone.ActiveCfg = Release|Any CPU
		{93662973-CB91-4759-B947-B47D3D4E3A91}.Ad-Hoc|iPhone.Build.0 = Release|Any CPU
		{93662973-CB91-4759-B947-B47D3D4E3A91}.Ad-Hoc|iPhone.Deploy.0 = Release|Any CPU
		{93662973-CB91-4759-B947-B47D3D4E3A91}.Ad-Hoc|iPhoneSimulator.ActiveCfg = Release|Any CPU
		{93662973-CB91-4759-B947-B47D3D4E3A91}.Ad-Hoc|iPhoneSimulator.Build.0 = Release|Any CPU
		{93662973-CB91-4759-B947-B47D3D4E3A91}.Ad-Hoc|iPhoneSimulator.Deploy.0 = Release|Any CPU
		{93662973-CB91-4759-B947-B47D3D4E3A91}.Ad-Hoc|x64.ActiveCfg = Release|Any CPU
		{93662973-CB91-4759-B947-B47D3D4E3A91}.Ad-Hoc|x64.Build.0 = Release|Any CPU
		{93662973-CB91-4759-B947-B47D3D4E3A91}.Ad-Hoc|x64.Deploy.0 = Release|Any CPU
		{93662973-CB91-4759-B947-B47D3D4E3A91}.Ad-Hoc|x86.ActiveCfg = Release|Any CPU
		{93662973-CB91-4759-B947-B47D3D4E3A91}.Ad-Hoc|x86.Build.0 = Release|Any CPU
		{93662973-CB91-4759-B947-B47D3D4E3A91}.Ad-Hoc|x86.Deploy.0 = Release|Any CPU
		{93662973-CB91-4759-B947-B47D3D4E3A91}.AppStore|Any CPU.ActiveCfg = Release|Any CPU
		{93662973-CB91-4759-B947-B47D3D4E3A91}.AppStore|Any CPU.Build.0 = Release|Any CPU
		{93662973-CB91-4759-B947-B47D3D4E3A91}.AppStore|Any CPU.Deploy.0 = Release|Any CPU
		{93662973-CB91-4759-B947-B47D3D4E3A91}.AppStore|ARM.ActiveCfg = Release|Any CPU
		{93662973-CB91-4759-B947-B47D3D4E3A91}.AppStore|ARM.Build.0 = Release|Any CPU
		{93662973-CB91-4759-B947-B47D3D4E3A91}.AppStore|ARM.Deploy.0 = Release|Any CPU
		{93662973-CB91-4759-B947-B47D3D4E3A91}.AppStore|iPhone.ActiveCfg = Release|Any CPU
		{93662973-CB91-4759-B947-B47D3D4E3A91}.AppStore|iPhone.Build.0 = Release|Any CPU
		{93662973-CB91-4759-B947-B47D3D4E3A91}.AppStore|iPhone.Deploy.0 = Release|Any CPU
		{93662973-CB91-4759-B947-B47D3D4E3A91}.AppStore|iPhoneSimulator.ActiveCfg = Release|Any CPU
		{93662973-CB91-4759-B947-B47D3D4E3A91}.AppStore|iPhoneSimulator.Build.0 = Release|Any CPU
		{93662973-CB91-4759-B947-B47D3D4E3A91}.AppStore|iPhoneSimulator.Deploy.0 = Release|Any CPU
		{93662973-CB91-4759-B947-B47D3D4E3A91}.AppStore|x64.ActiveCfg = Release|Any CPU
		{93662973-CB91-4759-B947-B47D3D4E3A91}.AppStore|x64.Build.0 = Release|Any CPU
		{93662973-CB91-4759-B947-B47D3D4E3A91}.AppStore|x64.Deploy.0 = Release|Any CPU
		{93662973-CB91-4759-B947-B47D3D4E3A91}.AppStore|x86.ActiveCfg = Release|Any CPU
		{93662973-CB91-4759-B947-B47D3D4E3A91}.AppStore|x86.Build.0 = Release|Any CPU
		{93662973-CB91-4759-B947-B47D3D4E3A91}.AppStore|x86.Deploy.0 = Release|Any CPU
		{93662973-CB91-4759-B947-B47D3D4E3A91}.Debug|Any CPU.ActiveCfg = Debug|Any CPU
		{93662973-CB91-4759-B947-B47D3D4E3A91}.Debug|Any CPU.Build.0 = Debug|Any CPU
		{93662973-CB91-4759-B947-B47D3D4E3A91}.Debug|Any CPU.Deploy.0 = Debug|Any CPU
		{93662973-CB91-4759-B947-B47D3D4E3A91}.Debug|ARM.ActiveCfg = Debug|Any CPU
		{93662973-CB91-4759-B947-B47D3D4E3A91}.Debug|ARM.Build.0 = Debug|Any CPU
		{93662973-CB91-4759-B947-B47D3D4E3A91}.Debug|ARM.Deploy.0 = Debug|Any CPU
		{93662973-CB91-4759-B947-B47D3D4E3A91}.Debug|iPhone.ActiveCfg = Debug|Any CPU
		{93662973-CB91-4759-B947-B47D3D4E3A91}.Debug|iPhone.Build.0 = Debug|Any CPU
		{93662973-CB91-4759-B947-B47D3D4E3A91}.Debug|iPhone.Deploy.0 = Debug|Any CPU
		{93662973-CB91-4759-B947-B47D3D4E3A91}.Debug|iPhoneSimulator.ActiveCfg = Debug|Any CPU
		{93662973-CB91-4759-B947-B47D3D4E3A91}.Debug|iPhoneSimulator.Build.0 = Debug|Any CPU
		{93662973-CB91-4759-B947-B47D3D4E3A91}.Debug|iPhoneSimulator.Deploy.0 = Debug|Any CPU
		{93662973-CB91-4759-B947-B47D3D4E3A91}.Debug|x64.ActiveCfg = Debug|Any CPU
		{93662973-CB91-4759-B947-B47D3D4E3A91}.Debug|x64.Build.0 = Debug|Any CPU
		{93662973-CB91-4759-B947-B47D3D4E3A91}.Debug|x64.Deploy.0 = Debug|Any CPU
		{93662973-CB91-4759-B947-B47D3D4E3A91}.Debug|x86.ActiveCfg = Debug|Any CPU
		{93662973-CB91-4759-B947-B47D3D4E3A91}.Debug|x86.Build.0 = Debug|Any CPU
		{93662973-CB91-4759-B947-B47D3D4E3A91}.Debug|x86.Deploy.0 = Debug|Any CPU
		{93662973-CB91-4759-B947-B47D3D4E3A91}.Release|Any CPU.ActiveCfg = Release|Any CPU
		{93662973-CB91-4759-B947-B47D3D4E3A91}.Release|Any CPU.Build.0 = Release|Any CPU
		{93662973-CB91-4759-B947-B47D3D4E3A91}.Release|Any CPU.Deploy.0 = Release|Any CPU
		{93662973-CB91-4759-B947-B47D3D4E3A91}.Release|ARM.ActiveCfg = Release|Any CPU
		{93662973-CB91-4759-B947-B47D3D4E3A91}.Release|ARM.Build.0 = Release|Any CPU
		{93662973-CB91-4759-B947-B47D3D4E3A91}.Release|ARM.Deploy.0 = Release|Any CPU
		{93662973-CB91-4759-B947-B47D3D4E3A91}.Release|iPhone.ActiveCfg = Release|Any CPU
		{93662973-CB91-4759-B947-B47D3D4E3A91}.Release|iPhone.Build.0 = Release|Any CPU
		{93662973-CB91-4759-B947-B47D3D4E3A91}.Release|iPhone.Deploy.0 = Release|Any CPU
		{93662973-CB91-4759-B947-B47D3D4E3A91}.Release|iPhoneSimulator.ActiveCfg = Release|Any CPU
		{93662973-CB91-4759-B947-B47D3D4E3A91}.Release|iPhoneSimulator.Build.0 = Release|Any CPU
		{93662973-CB91-4759-B947-B47D3D4E3A91}.Release|iPhoneSimulator.Deploy.0 = Release|Any CPU
		{93662973-CB91-4759-B947-B47D3D4E3A91}.Release|x64.ActiveCfg = Release|Any CPU
		{93662973-CB91-4759-B947-B47D3D4E3A91}.Release|x64.Build.0 = Release|Any CPU
		{93662973-CB91-4759-B947-B47D3D4E3A91}.Release|x64.Deploy.0 = Release|Any CPU
		{93662973-CB91-4759-B947-B47D3D4E3A91}.Release|x86.ActiveCfg = Release|Any CPU
		{93662973-CB91-4759-B947-B47D3D4E3A91}.Release|x86.Build.0 = Release|Any CPU
		{93662973-CB91-4759-B947-B47D3D4E3A91}.Release|x86.Deploy.0 = Release|Any CPU
		{7E4A46F8-800C-4775-B1A3-FD4298103BB9}.Ad-Hoc|Any CPU.ActiveCfg = Ad-Hoc|iPhone
		{7E4A46F8-800C-4775-B1A3-FD4298103BB9}.Ad-Hoc|ARM.ActiveCfg = Ad-Hoc|iPhone
		{7E4A46F8-800C-4775-B1A3-FD4298103BB9}.Ad-Hoc|iPhone.ActiveCfg = Ad-Hoc|iPhone
		{7E4A46F8-800C-4775-B1A3-FD4298103BB9}.Ad-Hoc|iPhone.Build.0 = Ad-Hoc|iPhone
		{7E4A46F8-800C-4775-B1A3-FD4298103BB9}.Ad-Hoc|iPhoneSimulator.ActiveCfg = Ad-Hoc|iPhoneSimulator
		{7E4A46F8-800C-4775-B1A3-FD4298103BB9}.Ad-Hoc|iPhoneSimulator.Build.0 = Ad-Hoc|iPhoneSimulator
		{7E4A46F8-800C-4775-B1A3-FD4298103BB9}.Ad-Hoc|x64.ActiveCfg = Ad-Hoc|iPhone
		{7E4A46F8-800C-4775-B1A3-FD4298103BB9}.Ad-Hoc|x86.ActiveCfg = Ad-Hoc|iPhone
		{7E4A46F8-800C-4775-B1A3-FD4298103BB9}.AppStore|Any CPU.ActiveCfg = AppStore|iPhone
		{7E4A46F8-800C-4775-B1A3-FD4298103BB9}.AppStore|ARM.ActiveCfg = AppStore|iPhone
		{7E4A46F8-800C-4775-B1A3-FD4298103BB9}.AppStore|iPhone.ActiveCfg = AppStore|iPhone
		{7E4A46F8-800C-4775-B1A3-FD4298103BB9}.AppStore|iPhone.Build.0 = AppStore|iPhone
		{7E4A46F8-800C-4775-B1A3-FD4298103BB9}.AppStore|iPhoneSimulator.ActiveCfg = AppStore|iPhoneSimulator
		{7E4A46F8-800C-4775-B1A3-FD4298103BB9}.AppStore|iPhoneSimulator.Build.0 = AppStore|iPhoneSimulator
		{7E4A46F8-800C-4775-B1A3-FD4298103BB9}.AppStore|x64.ActiveCfg = AppStore|iPhone
		{7E4A46F8-800C-4775-B1A3-FD4298103BB9}.AppStore|x86.ActiveCfg = AppStore|iPhone
		{7E4A46F8-800C-4775-B1A3-FD4298103BB9}.Debug|Any CPU.ActiveCfg = Debug|iPhone
		{7E4A46F8-800C-4775-B1A3-FD4298103BB9}.Debug|ARM.ActiveCfg = Debug|iPhone
		{7E4A46F8-800C-4775-B1A3-FD4298103BB9}.Debug|iPhone.ActiveCfg = Debug|iPhone
		{7E4A46F8-800C-4775-B1A3-FD4298103BB9}.Debug|iPhone.Build.0 = Debug|iPhone
		{7E4A46F8-800C-4775-B1A3-FD4298103BB9}.Debug|iPhoneSimulator.ActiveCfg = Debug|iPhoneSimulator
		{7E4A46F8-800C-4775-B1A3-FD4298103BB9}.Debug|iPhoneSimulator.Build.0 = Debug|iPhoneSimulator
		{7E4A46F8-800C-4775-B1A3-FD4298103BB9}.Debug|x64.ActiveCfg = Debug|iPhone
		{7E4A46F8-800C-4775-B1A3-FD4298103BB9}.Debug|x86.ActiveCfg = Debug|iPhone
		{7E4A46F8-800C-4775-B1A3-FD4298103BB9}.Release|Any CPU.ActiveCfg = Release|iPhone
		{7E4A46F8-800C-4775-B1A3-FD4298103BB9}.Release|ARM.ActiveCfg = Release|iPhone
		{7E4A46F8-800C-4775-B1A3-FD4298103BB9}.Release|iPhone.ActiveCfg = Release|iPhone
		{7E4A46F8-800C-4775-B1A3-FD4298103BB9}.Release|iPhone.Build.0 = Release|iPhone
		{7E4A46F8-800C-4775-B1A3-FD4298103BB9}.Release|iPhoneSimulator.ActiveCfg = Release|iPhoneSimulator
		{7E4A46F8-800C-4775-B1A3-FD4298103BB9}.Release|iPhoneSimulator.Build.0 = Release|iPhoneSimulator
		{7E4A46F8-800C-4775-B1A3-FD4298103BB9}.Release|x64.ActiveCfg = Release|iPhone
		{7E4A46F8-800C-4775-B1A3-FD4298103BB9}.Release|x86.ActiveCfg = Release|iPhone
		{3C1AFCE4-BEB8-4DE5-B1AD-623E20EF638F}.Ad-Hoc|Any CPU.ActiveCfg = Release|x86
		{3C1AFCE4-BEB8-4DE5-B1AD-623E20EF638F}.Ad-Hoc|Any CPU.Build.0 = Release|x86
		{3C1AFCE4-BEB8-4DE5-B1AD-623E20EF638F}.Ad-Hoc|Any CPU.Deploy.0 = Release|x86
		{3C1AFCE4-BEB8-4DE5-B1AD-623E20EF638F}.Ad-Hoc|ARM.ActiveCfg = Release|ARM
		{3C1AFCE4-BEB8-4DE5-B1AD-623E20EF638F}.Ad-Hoc|ARM.Build.0 = Release|ARM
		{3C1AFCE4-BEB8-4DE5-B1AD-623E20EF638F}.Ad-Hoc|ARM.Deploy.0 = Release|ARM
		{3C1AFCE4-BEB8-4DE5-B1AD-623E20EF638F}.Ad-Hoc|iPhone.ActiveCfg = Release|x86
		{3C1AFCE4-BEB8-4DE5-B1AD-623E20EF638F}.Ad-Hoc|iPhone.Build.0 = Release|x86
		{3C1AFCE4-BEB8-4DE5-B1AD-623E20EF638F}.Ad-Hoc|iPhone.Deploy.0 = Release|x86
		{3C1AFCE4-BEB8-4DE5-B1AD-623E20EF638F}.Ad-Hoc|iPhoneSimulator.ActiveCfg = Release|x86
		{3C1AFCE4-BEB8-4DE5-B1AD-623E20EF638F}.Ad-Hoc|iPhoneSimulator.Build.0 = Release|x86
		{3C1AFCE4-BEB8-4DE5-B1AD-623E20EF638F}.Ad-Hoc|iPhoneSimulator.Deploy.0 = Release|x86
		{3C1AFCE4-BEB8-4DE5-B1AD-623E20EF638F}.Ad-Hoc|x64.ActiveCfg = Release|x64
		{3C1AFCE4-BEB8-4DE5-B1AD-623E20EF638F}.Ad-Hoc|x64.Build.0 = Release|x64
		{3C1AFCE4-BEB8-4DE5-B1AD-623E20EF638F}.Ad-Hoc|x64.Deploy.0 = Release|x64
		{3C1AFCE4-BEB8-4DE5-B1AD-623E20EF638F}.Ad-Hoc|x86.ActiveCfg = Release|x86
		{3C1AFCE4-BEB8-4DE5-B1AD-623E20EF638F}.Ad-Hoc|x86.Build.0 = Release|x86
		{3C1AFCE4-BEB8-4DE5-B1AD-623E20EF638F}.Ad-Hoc|x86.Deploy.0 = Release|x86
		{3C1AFCE4-BEB8-4DE5-B1AD-623E20EF638F}.AppStore|Any CPU.ActiveCfg = Release|x86
		{3C1AFCE4-BEB8-4DE5-B1AD-623E20EF638F}.AppStore|Any CPU.Build.0 = Release|x86
		{3C1AFCE4-BEB8-4DE5-B1AD-623E20EF638F}.AppStore|Any CPU.Deploy.0 = Release|x86
		{3C1AFCE4-BEB8-4DE5-B1AD-623E20EF638F}.AppStore|ARM.ActiveCfg = Release|ARM
		{3C1AFCE4-BEB8-4DE5-B1AD-623E20EF638F}.AppStore|ARM.Build.0 = Release|ARM
		{3C1AFCE4-BEB8-4DE5-B1AD-623E20EF638F}.AppStore|ARM.Deploy.0 = Release|ARM
		{3C1AFCE4-BEB8-4DE5-B1AD-623E20EF638F}.AppStore|iPhone.ActiveCfg = Release|x86
		{3C1AFCE4-BEB8-4DE5-B1AD-623E20EF638F}.AppStore|iPhone.Build.0 = Release|x86
		{3C1AFCE4-BEB8-4DE5-B1AD-623E20EF638F}.AppStore|iPhone.Deploy.0 = Release|x86
		{3C1AFCE4-BEB8-4DE5-B1AD-623E20EF638F}.AppStore|iPhoneSimulator.ActiveCfg = Release|x86
		{3C1AFCE4-BEB8-4DE5-B1AD-623E20EF638F}.AppStore|iPhoneSimulator.Build.0 = Release|x86
		{3C1AFCE4-BEB8-4DE5-B1AD-623E20EF638F}.AppStore|iPhoneSimulator.Deploy.0 = Release|x86
		{3C1AFCE4-BEB8-4DE5-B1AD-623E20EF638F}.AppStore|x64.ActiveCfg = Release|x64
		{3C1AFCE4-BEB8-4DE5-B1AD-623E20EF638F}.AppStore|x64.Build.0 = Release|x64
		{3C1AFCE4-BEB8-4DE5-B1AD-623E20EF638F}.AppStore|x64.Deploy.0 = Release|x64
		{3C1AFCE4-BEB8-4DE5-B1AD-623E20EF638F}.AppStore|x86.ActiveCfg = Release|x86
		{3C1AFCE4-BEB8-4DE5-B1AD-623E20EF638F}.AppStore|x86.Build.0 = Release|x86
		{3C1AFCE4-BEB8-4DE5-B1AD-623E20EF638F}.AppStore|x86.Deploy.0 = Release|x86
		{3C1AFCE4-BEB8-4DE5-B1AD-623E20EF638F}.Debug|Any CPU.ActiveCfg = Debug|x86
		{3C1AFCE4-BEB8-4DE5-B1AD-623E20EF638F}.Debug|ARM.ActiveCfg = Debug|ARM
		{3C1AFCE4-BEB8-4DE5-B1AD-623E20EF638F}.Debug|ARM.Build.0 = Debug|ARM
		{3C1AFCE4-BEB8-4DE5-B1AD-623E20EF638F}.Debug|ARM.Deploy.0 = Debug|ARM
		{3C1AFCE4-BEB8-4DE5-B1AD-623E20EF638F}.Debug|iPhone.ActiveCfg = Debug|x86
		{3C1AFCE4-BEB8-4DE5-B1AD-623E20EF638F}.Debug|iPhoneSimulator.ActiveCfg = Debug|x86
		{3C1AFCE4-BEB8-4DE5-B1AD-623E20EF638F}.Debug|x64.ActiveCfg = Debug|x64
		{3C1AFCE4-BEB8-4DE5-B1AD-623E20EF638F}.Debug|x64.Build.0 = Debug|x64
		{3C1AFCE4-BEB8-4DE5-B1AD-623E20EF638F}.Debug|x64.Deploy.0 = Debug|x64
		{3C1AFCE4-BEB8-4DE5-B1AD-623E20EF638F}.Debug|x86.ActiveCfg = Debug|x86
		{3C1AFCE4-BEB8-4DE5-B1AD-623E20EF638F}.Debug|x86.Build.0 = Debug|x86
		{3C1AFCE4-BEB8-4DE5-B1AD-623E20EF638F}.Debug|x86.Deploy.0 = Debug|x86
		{3C1AFCE4-BEB8-4DE5-B1AD-623E20EF638F}.Release|Any CPU.ActiveCfg = Release|x86
		{3C1AFCE4-BEB8-4DE5-B1AD-623E20EF638F}.Release|ARM.ActiveCfg = Release|ARM
		{3C1AFCE4-BEB8-4DE5-B1AD-623E20EF638F}.Release|ARM.Build.0 = Release|ARM
		{3C1AFCE4-BEB8-4DE5-B1AD-623E20EF638F}.Release|ARM.Deploy.0 = Release|ARM
		{3C1AFCE4-BEB8-4DE5-B1AD-623E20EF638F}.Release|iPhone.ActiveCfg = Release|x86
		{3C1AFCE4-BEB8-4DE5-B1AD-623E20EF638F}.Release|iPhoneSimulator.ActiveCfg = Release|x86
		{3C1AFCE4-BEB8-4DE5-B1AD-623E20EF638F}.Release|x64.ActiveCfg = Release|x64
		{3C1AFCE4-BEB8-4DE5-B1AD-623E20EF638F}.Release|x64.Build.0 = Release|x64
		{3C1AFCE4-BEB8-4DE5-B1AD-623E20EF638F}.Release|x64.Deploy.0 = Release|x64
		{3C1AFCE4-BEB8-4DE5-B1AD-623E20EF638F}.Release|x86.ActiveCfg = Release|x86
		{3C1AFCE4-BEB8-4DE5-B1AD-623E20EF638F}.Release|x86.Build.0 = Release|x86
		{3C1AFCE4-BEB8-4DE5-B1AD-623E20EF638F}.Release|x86.Deploy.0 = Release|x86
		{32EB306E-1706-482D-A713-45153DA1E873}.Ad-Hoc|Any CPU.ActiveCfg = Debug|Any CPU
		{32EB306E-1706-482D-A713-45153DA1E873}.Ad-Hoc|Any CPU.Build.0 = Debug|Any CPU
		{32EB306E-1706-482D-A713-45153DA1E873}.Ad-Hoc|ARM.ActiveCfg = Debug|Any CPU
		{32EB306E-1706-482D-A713-45153DA1E873}.Ad-Hoc|ARM.Build.0 = Debug|Any CPU
		{32EB306E-1706-482D-A713-45153DA1E873}.Ad-Hoc|iPhone.ActiveCfg = Debug|Any CPU
		{32EB306E-1706-482D-A713-45153DA1E873}.Ad-Hoc|iPhone.Build.0 = Debug|Any CPU
		{32EB306E-1706-482D-A713-45153DA1E873}.Ad-Hoc|iPhoneSimulator.ActiveCfg = Debug|Any CPU
		{32EB306E-1706-482D-A713-45153DA1E873}.Ad-Hoc|iPhoneSimulator.Build.0 = Debug|Any CPU
		{32EB306E-1706-482D-A713-45153DA1E873}.Ad-Hoc|x64.ActiveCfg = Debug|Any CPU
		{32EB306E-1706-482D-A713-45153DA1E873}.Ad-Hoc|x64.Build.0 = Debug|Any CPU
		{32EB306E-1706-482D-A713-45153DA1E873}.Ad-Hoc|x86.ActiveCfg = Debug|Any CPU
		{32EB306E-1706-482D-A713-45153DA1E873}.Ad-Hoc|x86.Build.0 = Debug|Any CPU
		{32EB306E-1706-482D-A713-45153DA1E873}.AppStore|Any CPU.ActiveCfg = Debug|Any CPU
		{32EB306E-1706-482D-A713-45153DA1E873}.AppStore|Any CPU.Build.0 = Debug|Any CPU
		{32EB306E-1706-482D-A713-45153DA1E873}.AppStore|ARM.ActiveCfg = Debug|Any CPU
		{32EB306E-1706-482D-A713-45153DA1E873}.AppStore|ARM.Build.0 = Debug|Any CPU
		{32EB306E-1706-482D-A713-45153DA1E873}.AppStore|iPhone.ActiveCfg = Debug|Any CPU
		{32EB306E-1706-482D-A713-45153DA1E873}.AppStore|iPhone.Build.0 = Debug|Any CPU
		{32EB306E-1706-482D-A713-45153DA1E873}.AppStore|iPhoneSimulator.ActiveCfg = Debug|Any CPU
		{32EB306E-1706-482D-A713-45153DA1E873}.AppStore|iPhoneSimulator.Build.0 = Debug|Any CPU
		{32EB306E-1706-482D-A713-45153DA1E873}.AppStore|x64.ActiveCfg = Debug|Any CPU
		{32EB306E-1706-482D-A713-45153DA1E873}.AppStore|x64.Build.0 = Debug|Any CPU
		{32EB306E-1706-482D-A713-45153DA1E873}.AppStore|x86.ActiveCfg = Debug|Any CPU
		{32EB306E-1706-482D-A713-45153DA1E873}.AppStore|x86.Build.0 = Debug|Any CPU
		{32EB306E-1706-482D-A713-45153DA1E873}.Debug|Any CPU.ActiveCfg = Debug|Any CPU
		{32EB306E-1706-482D-A713-45153DA1E873}.Debug|Any CPU.Build.0 = Debug|Any CPU
		{32EB306E-1706-482D-A713-45153DA1E873}.Debug|ARM.ActiveCfg = Debug|Any CPU
		{32EB306E-1706-482D-A713-45153DA1E873}.Debug|ARM.Build.0 = Debug|Any CPU
		{32EB306E-1706-482D-A713-45153DA1E873}.Debug|iPhone.ActiveCfg = Debug|Any CPU
		{32EB306E-1706-482D-A713-45153DA1E873}.Debug|iPhone.Build.0 = Debug|Any CPU
		{32EB306E-1706-482D-A713-45153DA1E873}.Debug|iPhoneSimulator.ActiveCfg = Debug|Any CPU
		{32EB306E-1706-482D-A713-45153DA1E873}.Debug|iPhoneSimulator.Build.0 = Debug|Any CPU
		{32EB306E-1706-482D-A713-45153DA1E873}.Debug|x64.ActiveCfg = Debug|Any CPU
		{32EB306E-1706-482D-A713-45153DA1E873}.Debug|x64.Build.0 = Debug|Any CPU
		{32EB306E-1706-482D-A713-45153DA1E873}.Debug|x86.ActiveCfg = Debug|Any CPU
		{32EB306E-1706-482D-A713-45153DA1E873}.Debug|x86.Build.0 = Debug|Any CPU
		{32EB306E-1706-482D-A713-45153DA1E873}.Release|Any CPU.ActiveCfg = Release|Any CPU
		{32EB306E-1706-482D-A713-45153DA1E873}.Release|Any CPU.Build.0 = Release|Any CPU
		{32EB306E-1706-482D-A713-45153DA1E873}.Release|ARM.ActiveCfg = Release|Any CPU
		{32EB306E-1706-482D-A713-45153DA1E873}.Release|ARM.Build.0 = Release|Any CPU
		{32EB306E-1706-482D-A713-45153DA1E873}.Release|iPhone.ActiveCfg = Release|Any CPU
		{32EB306E-1706-482D-A713-45153DA1E873}.Release|iPhone.Build.0 = Release|Any CPU
		{32EB306E-1706-482D-A713-45153DA1E873}.Release|iPhoneSimulator.ActiveCfg = Release|Any CPU
		{32EB306E-1706-482D-A713-45153DA1E873}.Release|iPhoneSimulator.Build.0 = Release|Any CPU
		{32EB306E-1706-482D-A713-45153DA1E873}.Release|x64.ActiveCfg = Release|Any CPU
		{32EB306E-1706-482D-A713-45153DA1E873}.Release|x64.Build.0 = Release|Any CPU
		{32EB306E-1706-482D-A713-45153DA1E873}.Release|x86.ActiveCfg = Release|Any CPU
		{32EB306E-1706-482D-A713-45153DA1E873}.Release|x86.Build.0 = Release|Any CPU
		{B0A3D6B4-1E32-4B62-8321-D7335C6A3576}.Ad-Hoc|Any CPU.ActiveCfg = Release|Any CPU
		{B0A3D6B4-1E32-4B62-8321-D7335C6A3576}.Ad-Hoc|Any CPU.Build.0 = Release|Any CPU
		{B0A3D6B4-1E32-4B62-8321-D7335C6A3576}.Ad-Hoc|ARM.ActiveCfg = Release|Any CPU
		{B0A3D6B4-1E32-4B62-8321-D7335C6A3576}.Ad-Hoc|ARM.Build.0 = Release|Any CPU
		{B0A3D6B4-1E32-4B62-8321-D7335C6A3576}.Ad-Hoc|iPhone.ActiveCfg = Release|Any CPU
		{B0A3D6B4-1E32-4B62-8321-D7335C6A3576}.Ad-Hoc|iPhone.Build.0 = Release|Any CPU
		{B0A3D6B4-1E32-4B62-8321-D7335C6A3576}.Ad-Hoc|iPhoneSimulator.ActiveCfg = Release|Any CPU
		{B0A3D6B4-1E32-4B62-8321-D7335C6A3576}.Ad-Hoc|iPhoneSimulator.Build.0 = Release|Any CPU
		{B0A3D6B4-1E32-4B62-8321-D7335C6A3576}.Ad-Hoc|x64.ActiveCfg = Release|Any CPU
		{B0A3D6B4-1E32-4B62-8321-D7335C6A3576}.Ad-Hoc|x64.Build.0 = Release|Any CPU
		{B0A3D6B4-1E32-4B62-8321-D7335C6A3576}.Ad-Hoc|x86.ActiveCfg = Release|Any CPU
		{B0A3D6B4-1E32-4B62-8321-D7335C6A3576}.Ad-Hoc|x86.Build.0 = Release|Any CPU
		{B0A3D6B4-1E32-4B62-8321-D7335C6A3576}.AppStore|Any CPU.ActiveCfg = Release|Any CPU
		{B0A3D6B4-1E32-4B62-8321-D7335C6A3576}.AppStore|Any CPU.Build.0 = Release|Any CPU
		{B0A3D6B4-1E32-4B62-8321-D7335C6A3576}.AppStore|ARM.ActiveCfg = Release|Any CPU
		{B0A3D6B4-1E32-4B62-8321-D7335C6A3576}.AppStore|ARM.Build.0 = Release|Any CPU
		{B0A3D6B4-1E32-4B62-8321-D7335C6A3576}.AppStore|iPhone.ActiveCfg = Release|Any CPU
		{B0A3D6B4-1E32-4B62-8321-D7335C6A3576}.AppStore|iPhone.Build.0 = Release|Any CPU
		{B0A3D6B4-1E32-4B62-8321-D7335C6A3576}.AppStore|iPhoneSimulator.ActiveCfg = Release|Any CPU
		{B0A3D6B4-1E32-4B62-8321-D7335C6A3576}.AppStore|iPhoneSimulator.Build.0 = Release|Any CPU
		{B0A3D6B4-1E32-4B62-8321-D7335C6A3576}.AppStore|x64.ActiveCfg = Release|Any CPU
		{B0A3D6B4-1E32-4B62-8321-D7335C6A3576}.AppStore|x64.Build.0 = Release|Any CPU
		{B0A3D6B4-1E32-4B62-8321-D7335C6A3576}.AppStore|x86.ActiveCfg = Release|Any CPU
		{B0A3D6B4-1E32-4B62-8321-D7335C6A3576}.AppStore|x86.Build.0 = Release|Any CPU
		{B0A3D6B4-1E32-4B62-8321-D7335C6A3576}.Debug|Any CPU.ActiveCfg = Debug|Any CPU
		{B0A3D6B4-1E32-4B62-8321-D7335C6A3576}.Debug|Any CPU.Build.0 = Debug|Any CPU
		{B0A3D6B4-1E32-4B62-8321-D7335C6A3576}.Debug|ARM.ActiveCfg = Debug|Any CPU
		{B0A3D6B4-1E32-4B62-8321-D7335C6A3576}.Debug|ARM.Build.0 = Debug|Any CPU
		{B0A3D6B4-1E32-4B62-8321-D7335C6A3576}.Debug|iPhone.ActiveCfg = Debug|Any CPU
		{B0A3D6B4-1E32-4B62-8321-D7335C6A3576}.Debug|iPhone.Build.0 = Debug|Any CPU
		{B0A3D6B4-1E32-4B62-8321-D7335C6A3576}.Debug|iPhoneSimulator.ActiveCfg = Debug|Any CPU
		{B0A3D6B4-1E32-4B62-8321-D7335C6A3576}.Debug|iPhoneSimulator.Build.0 = Debug|Any CPU
		{B0A3D6B4-1E32-4B62-8321-D7335C6A3576}.Debug|x64.ActiveCfg = Debug|Any CPU
		{B0A3D6B4-1E32-4B62-8321-D7335C6A3576}.Debug|x64.Build.0 = Debug|Any CPU
		{B0A3D6B4-1E32-4B62-8321-D7335C6A3576}.Debug|x86.ActiveCfg = Debug|Any CPU
		{B0A3D6B4-1E32-4B62-8321-D7335C6A3576}.Debug|x86.Build.0 = Debug|Any CPU
		{B0A3D6B4-1E32-4B62-8321-D7335C6A3576}.Release|Any CPU.ActiveCfg = Release|Any CPU
		{B0A3D6B4-1E32-4B62-8321-D7335C6A3576}.Release|Any CPU.Build.0 = Release|Any CPU
		{B0A3D6B4-1E32-4B62-8321-D7335C6A3576}.Release|ARM.ActiveCfg = Release|Any CPU
		{B0A3D6B4-1E32-4B62-8321-D7335C6A3576}.Release|ARM.Build.0 = Release|Any CPU
		{B0A3D6B4-1E32-4B62-8321-D7335C6A3576}.Release|iPhone.ActiveCfg = Release|Any CPU
		{B0A3D6B4-1E32-4B62-8321-D7335C6A3576}.Release|iPhone.Build.0 = Release|Any CPU
		{B0A3D6B4-1E32-4B62-8321-D7335C6A3576}.Release|iPhoneSimulator.ActiveCfg = Release|Any CPU
		{B0A3D6B4-1E32-4B62-8321-D7335C6A3576}.Release|iPhoneSimulator.Build.0 = Release|Any CPU
		{B0A3D6B4-1E32-4B62-8321-D7335C6A3576}.Release|x64.ActiveCfg = Release|Any CPU
		{B0A3D6B4-1E32-4B62-8321-D7335C6A3576}.Release|x64.Build.0 = Release|Any CPU
		{B0A3D6B4-1E32-4B62-8321-D7335C6A3576}.Release|x86.ActiveCfg = Release|Any CPU
		{B0A3D6B4-1E32-4B62-8321-D7335C6A3576}.Release|x86.Build.0 = Release|Any CPU
		{0EF25D71-D290-4472-BA2B-A5BC7CA3B680}.Ad-Hoc|Any CPU.ActiveCfg = Release|Any CPU
		{0EF25D71-D290-4472-BA2B-A5BC7CA3B680}.Ad-Hoc|Any CPU.Build.0 = Release|Any CPU
		{0EF25D71-D290-4472-BA2B-A5BC7CA3B680}.Ad-Hoc|ARM.ActiveCfg = Release|Any CPU
		{0EF25D71-D290-4472-BA2B-A5BC7CA3B680}.Ad-Hoc|ARM.Build.0 = Release|Any CPU
		{0EF25D71-D290-4472-BA2B-A5BC7CA3B680}.Ad-Hoc|iPhone.ActiveCfg = Release|Any CPU
		{0EF25D71-D290-4472-BA2B-A5BC7CA3B680}.Ad-Hoc|iPhone.Build.0 = Release|Any CPU
		{0EF25D71-D290-4472-BA2B-A5BC7CA3B680}.Ad-Hoc|iPhoneSimulator.ActiveCfg = Release|Any CPU
		{0EF25D71-D290-4472-BA2B-A5BC7CA3B680}.Ad-Hoc|iPhoneSimulator.Build.0 = Release|Any CPU
		{0EF25D71-D290-4472-BA2B-A5BC7CA3B680}.Ad-Hoc|x64.ActiveCfg = Release|Any CPU
		{0EF25D71-D290-4472-BA2B-A5BC7CA3B680}.Ad-Hoc|x64.Build.0 = Release|Any CPU
		{0EF25D71-D290-4472-BA2B-A5BC7CA3B680}.Ad-Hoc|x86.ActiveCfg = Release|Any CPU
		{0EF25D71-D290-4472-BA2B-A5BC7CA3B680}.Ad-Hoc|x86.Build.0 = Release|Any CPU
		{0EF25D71-D290-4472-BA2B-A5BC7CA3B680}.AppStore|Any CPU.ActiveCfg = Release|Any CPU
		{0EF25D71-D290-4472-BA2B-A5BC7CA3B680}.AppStore|Any CPU.Build.0 = Release|Any CPU
		{0EF25D71-D290-4472-BA2B-A5BC7CA3B680}.AppStore|ARM.ActiveCfg = Release|Any CPU
		{0EF25D71-D290-4472-BA2B-A5BC7CA3B680}.AppStore|ARM.Build.0 = Release|Any CPU
		{0EF25D71-D290-4472-BA2B-A5BC7CA3B680}.AppStore|iPhone.ActiveCfg = Release|Any CPU
		{0EF25D71-D290-4472-BA2B-A5BC7CA3B680}.AppStore|iPhone.Build.0 = Release|Any CPU
		{0EF25D71-D290-4472-BA2B-A5BC7CA3B680}.AppStore|iPhoneSimulator.ActiveCfg = Release|Any CPU
		{0EF25D71-D290-4472-BA2B-A5BC7CA3B680}.AppStore|iPhoneSimulator.Build.0 = Release|Any CPU
		{0EF25D71-D290-4472-BA2B-A5BC7CA3B680}.AppStore|x64.ActiveCfg = Release|Any CPU
		{0EF25D71-D290-4472-BA2B-A5BC7CA3B680}.AppStore|x64.Build.0 = Release|Any CPU
		{0EF25D71-D290-4472-BA2B-A5BC7CA3B680}.AppStore|x86.ActiveCfg = Release|Any CPU
		{0EF25D71-D290-4472-BA2B-A5BC7CA3B680}.AppStore|x86.Build.0 = Release|Any CPU
		{0EF25D71-D290-4472-BA2B-A5BC7CA3B680}.Debug|Any CPU.ActiveCfg = Debug|Any CPU
		{0EF25D71-D290-4472-BA2B-A5BC7CA3B680}.Debug|Any CPU.Build.0 = Debug|Any CPU
		{0EF25D71-D290-4472-BA2B-A5BC7CA3B680}.Debug|ARM.ActiveCfg = Debug|Any CPU
		{0EF25D71-D290-4472-BA2B-A5BC7CA3B680}.Debug|ARM.Build.0 = Debug|Any CPU
		{0EF25D71-D290-4472-BA2B-A5BC7CA3B680}.Debug|iPhone.ActiveCfg = Debug|Any CPU
		{0EF25D71-D290-4472-BA2B-A5BC7CA3B680}.Debug|iPhone.Build.0 = Debug|Any CPU
		{0EF25D71-D290-4472-BA2B-A5BC7CA3B680}.Debug|iPhoneSimulator.ActiveCfg = Debug|Any CPU
		{0EF25D71-D290-4472-BA2B-A5BC7CA3B680}.Debug|iPhoneSimulator.Build.0 = Debug|Any CPU
		{0EF25D71-D290-4472-BA2B-A5BC7CA3B680}.Debug|x64.ActiveCfg = Debug|Any CPU
		{0EF25D71-D290-4472-BA2B-A5BC7CA3B680}.Debug|x64.Build.0 = Debug|Any CPU
		{0EF25D71-D290-4472-BA2B-A5BC7CA3B680}.Debug|x86.ActiveCfg = Debug|Any CPU
		{0EF25D71-D290-4472-BA2B-A5BC7CA3B680}.Debug|x86.Build.0 = Debug|Any CPU
		{0EF25D71-D290-4472-BA2B-A5BC7CA3B680}.Release|Any CPU.ActiveCfg = Release|Any CPU
		{0EF25D71-D290-4472-BA2B-A5BC7CA3B680}.Release|Any CPU.Build.0 = Release|Any CPU
		{0EF25D71-D290-4472-BA2B-A5BC7CA3B680}.Release|ARM.ActiveCfg = Release|Any CPU
		{0EF25D71-D290-4472-BA2B-A5BC7CA3B680}.Release|ARM.Build.0 = Release|Any CPU
		{0EF25D71-D290-4472-BA2B-A5BC7CA3B680}.Release|iPhone.ActiveCfg = Release|Any CPU
		{0EF25D71-D290-4472-BA2B-A5BC7CA3B680}.Release|iPhone.Build.0 = Release|Any CPU
		{0EF25D71-D290-4472-BA2B-A5BC7CA3B680}.Release|iPhoneSimulator.ActiveCfg = Release|Any CPU
		{0EF25D71-D290-4472-BA2B-A5BC7CA3B680}.Release|iPhoneSimulator.Build.0 = Release|Any CPU
		{0EF25D71-D290-4472-BA2B-A5BC7CA3B680}.Release|x64.ActiveCfg = Release|Any CPU
		{0EF25D71-D290-4472-BA2B-A5BC7CA3B680}.Release|x64.Build.0 = Release|Any CPU
		{0EF25D71-D290-4472-BA2B-A5BC7CA3B680}.Release|x86.ActiveCfg = Release|Any CPU
		{0EF25D71-D290-4472-BA2B-A5BC7CA3B680}.Release|x86.Build.0 = Release|Any CPU
		{A6F6DE4B-5515-49F3-BDB1-B1B30A216255}.Ad-Hoc|Any CPU.ActiveCfg = Release|Any CPU
		{A6F6DE4B-5515-49F3-BDB1-B1B30A216255}.Ad-Hoc|Any CPU.Build.0 = Release|Any CPU
		{A6F6DE4B-5515-49F3-BDB1-B1B30A216255}.Ad-Hoc|ARM.ActiveCfg = Release|Any CPU
		{A6F6DE4B-5515-49F3-BDB1-B1B30A216255}.Ad-Hoc|ARM.Build.0 = Release|Any CPU
		{A6F6DE4B-5515-49F3-BDB1-B1B30A216255}.Ad-Hoc|iPhone.ActiveCfg = Release|Any CPU
		{A6F6DE4B-5515-49F3-BDB1-B1B30A216255}.Ad-Hoc|iPhone.Build.0 = Release|Any CPU
		{A6F6DE4B-5515-49F3-BDB1-B1B30A216255}.Ad-Hoc|iPhoneSimulator.ActiveCfg = Release|Any CPU
		{A6F6DE4B-5515-49F3-BDB1-B1B30A216255}.Ad-Hoc|iPhoneSimulator.Build.0 = Release|Any CPU
		{A6F6DE4B-5515-49F3-BDB1-B1B30A216255}.Ad-Hoc|x64.ActiveCfg = Release|Any CPU
		{A6F6DE4B-5515-49F3-BDB1-B1B30A216255}.Ad-Hoc|x64.Build.0 = Release|Any CPU
		{A6F6DE4B-5515-49F3-BDB1-B1B30A216255}.Ad-Hoc|x86.ActiveCfg = Release|Any CPU
		{A6F6DE4B-5515-49F3-BDB1-B1B30A216255}.Ad-Hoc|x86.Build.0 = Release|Any CPU
		{A6F6DE4B-5515-49F3-BDB1-B1B30A216255}.AppStore|Any CPU.ActiveCfg = Release|Any CPU
		{A6F6DE4B-5515-49F3-BDB1-B1B30A216255}.AppStore|Any CPU.Build.0 = Release|Any CPU
		{A6F6DE4B-5515-49F3-BDB1-B1B30A216255}.AppStore|ARM.ActiveCfg = Release|Any CPU
		{A6F6DE4B-5515-49F3-BDB1-B1B30A216255}.AppStore|ARM.Build.0 = Release|Any CPU
		{A6F6DE4B-5515-49F3-BDB1-B1B30A216255}.AppStore|iPhone.ActiveCfg = Release|Any CPU
		{A6F6DE4B-5515-49F3-BDB1-B1B30A216255}.AppStore|iPhone.Build.0 = Release|Any CPU
		{A6F6DE4B-5515-49F3-BDB1-B1B30A216255}.AppStore|iPhoneSimulator.ActiveCfg = Release|Any CPU
		{A6F6DE4B-5515-49F3-BDB1-B1B30A216255}.AppStore|iPhoneSimulator.Build.0 = Release|Any CPU
		{A6F6DE4B-5515-49F3-BDB1-B1B30A216255}.AppStore|x64.ActiveCfg = Release|Any CPU
		{A6F6DE4B-5515-49F3-BDB1-B1B30A216255}.AppStore|x64.Build.0 = Release|Any CPU
		{A6F6DE4B-5515-49F3-BDB1-B1B30A216255}.AppStore|x86.ActiveCfg = Release|Any CPU
		{A6F6DE4B-5515-49F3-BDB1-B1B30A216255}.AppStore|x86.Build.0 = Release|Any CPU
		{A6F6DE4B-5515-49F3-BDB1-B1B30A216255}.Debug|Any CPU.ActiveCfg = Debug|Any CPU
		{A6F6DE4B-5515-49F3-BDB1-B1B30A216255}.Debug|Any CPU.Build.0 = Debug|Any CPU
		{A6F6DE4B-5515-49F3-BDB1-B1B30A216255}.Debug|ARM.ActiveCfg = Debug|Any CPU
		{A6F6DE4B-5515-49F3-BDB1-B1B30A216255}.Debug|ARM.Build.0 = Debug|Any CPU
		{A6F6DE4B-5515-49F3-BDB1-B1B30A216255}.Debug|iPhone.ActiveCfg = Debug|Any CPU
		{A6F6DE4B-5515-49F3-BDB1-B1B30A216255}.Debug|iPhone.Build.0 = Debug|Any CPU
		{A6F6DE4B-5515-49F3-BDB1-B1B30A216255}.Debug|iPhoneSimulator.ActiveCfg = Debug|Any CPU
		{A6F6DE4B-5515-49F3-BDB1-B1B30A216255}.Debug|iPhoneSimulator.Build.0 = Debug|Any CPU
		{A6F6DE4B-5515-49F3-BDB1-B1B30A216255}.Debug|x64.ActiveCfg = Debug|Any CPU
		{A6F6DE4B-5515-49F3-BDB1-B1B30A216255}.Debug|x64.Build.0 = Debug|Any CPU
		{A6F6DE4B-5515-49F3-BDB1-B1B30A216255}.Debug|x86.ActiveCfg = Debug|Any CPU
		{A6F6DE4B-5515-49F3-BDB1-B1B30A216255}.Debug|x86.Build.0 = Debug|Any CPU
		{A6F6DE4B-5515-49F3-BDB1-B1B30A216255}.Release|Any CPU.ActiveCfg = Release|Any CPU
		{A6F6DE4B-5515-49F3-BDB1-B1B30A216255}.Release|Any CPU.Build.0 = Release|Any CPU
		{A6F6DE4B-5515-49F3-BDB1-B1B30A216255}.Release|ARM.ActiveCfg = Release|Any CPU
		{A6F6DE4B-5515-49F3-BDB1-B1B30A216255}.Release|ARM.Build.0 = Release|Any CPU
		{A6F6DE4B-5515-49F3-BDB1-B1B30A216255}.Release|iPhone.ActiveCfg = Release|Any CPU
		{A6F6DE4B-5515-49F3-BDB1-B1B30A216255}.Release|iPhone.Build.0 = Release|Any CPU
		{A6F6DE4B-5515-49F3-BDB1-B1B30A216255}.Release|iPhoneSimulator.ActiveCfg = Release|Any CPU
		{A6F6DE4B-5515-49F3-BDB1-B1B30A216255}.Release|iPhoneSimulator.Build.0 = Release|Any CPU
		{A6F6DE4B-5515-49F3-BDB1-B1B30A216255}.Release|x64.ActiveCfg = Release|Any CPU
		{A6F6DE4B-5515-49F3-BDB1-B1B30A216255}.Release|x64.Build.0 = Release|Any CPU
		{A6F6DE4B-5515-49F3-BDB1-B1B30A216255}.Release|x86.ActiveCfg = Release|Any CPU
		{A6F6DE4B-5515-49F3-BDB1-B1B30A216255}.Release|x86.Build.0 = Release|Any CPU
		{97F96A27-5914-4716-8F73-FAB9DAE01F4F}.Ad-Hoc|Any CPU.ActiveCfg = Release|Any CPU
		{97F96A27-5914-4716-8F73-FAB9DAE01F4F}.Ad-Hoc|Any CPU.Build.0 = Release|Any CPU
		{97F96A27-5914-4716-8F73-FAB9DAE01F4F}.Ad-Hoc|ARM.ActiveCfg = Release|Any CPU
		{97F96A27-5914-4716-8F73-FAB9DAE01F4F}.Ad-Hoc|ARM.Build.0 = Release|Any CPU
		{97F96A27-5914-4716-8F73-FAB9DAE01F4F}.Ad-Hoc|iPhone.ActiveCfg = Release|Any CPU
		{97F96A27-5914-4716-8F73-FAB9DAE01F4F}.Ad-Hoc|iPhone.Build.0 = Release|Any CPU
		{97F96A27-5914-4716-8F73-FAB9DAE01F4F}.Ad-Hoc|iPhoneSimulator.ActiveCfg = Release|Any CPU
		{97F96A27-5914-4716-8F73-FAB9DAE01F4F}.Ad-Hoc|iPhoneSimulator.Build.0 = Release|Any CPU
		{97F96A27-5914-4716-8F73-FAB9DAE01F4F}.Ad-Hoc|x64.ActiveCfg = Release|Any CPU
		{97F96A27-5914-4716-8F73-FAB9DAE01F4F}.Ad-Hoc|x64.Build.0 = Release|Any CPU
		{97F96A27-5914-4716-8F73-FAB9DAE01F4F}.Ad-Hoc|x86.ActiveCfg = Release|Any CPU
		{97F96A27-5914-4716-8F73-FAB9DAE01F4F}.Ad-Hoc|x86.Build.0 = Release|Any CPU
		{97F96A27-5914-4716-8F73-FAB9DAE01F4F}.AppStore|Any CPU.ActiveCfg = Release|Any CPU
		{97F96A27-5914-4716-8F73-FAB9DAE01F4F}.AppStore|Any CPU.Build.0 = Release|Any CPU
		{97F96A27-5914-4716-8F73-FAB9DAE01F4F}.AppStore|ARM.ActiveCfg = Release|Any CPU
		{97F96A27-5914-4716-8F73-FAB9DAE01F4F}.AppStore|ARM.Build.0 = Release|Any CPU
		{97F96A27-5914-4716-8F73-FAB9DAE01F4F}.AppStore|iPhone.ActiveCfg = Release|Any CPU
		{97F96A27-5914-4716-8F73-FAB9DAE01F4F}.AppStore|iPhone.Build.0 = Release|Any CPU
		{97F96A27-5914-4716-8F73-FAB9DAE01F4F}.AppStore|iPhoneSimulator.ActiveCfg = Release|Any CPU
		{97F96A27-5914-4716-8F73-FAB9DAE01F4F}.AppStore|iPhoneSimulator.Build.0 = Release|Any CPU
		{97F96A27-5914-4716-8F73-FAB9DAE01F4F}.AppStore|x64.ActiveCfg = Release|Any CPU
		{97F96A27-5914-4716-8F73-FAB9DAE01F4F}.AppStore|x64.Build.0 = Release|Any CPU
		{97F96A27-5914-4716-8F73-FAB9DAE01F4F}.AppStore|x86.ActiveCfg = Release|Any CPU
		{97F96A27-5914-4716-8F73-FAB9DAE01F4F}.AppStore|x86.Build.0 = Release|Any CPU
		{97F96A27-5914-4716-8F73-FAB9DAE01F4F}.Debug|Any CPU.ActiveCfg = Debug|Any CPU
		{97F96A27-5914-4716-8F73-FAB9DAE01F4F}.Debug|Any CPU.Build.0 = Debug|Any CPU
		{97F96A27-5914-4716-8F73-FAB9DAE01F4F}.Debug|ARM.ActiveCfg = Debug|Any CPU
		{97F96A27-5914-4716-8F73-FAB9DAE01F4F}.Debug|ARM.Build.0 = Debug|Any CPU
		{97F96A27-5914-4716-8F73-FAB9DAE01F4F}.Debug|iPhone.ActiveCfg = Debug|Any CPU
		{97F96A27-5914-4716-8F73-FAB9DAE01F4F}.Debug|iPhone.Build.0 = Debug|Any CPU
		{97F96A27-5914-4716-8F73-FAB9DAE01F4F}.Debug|iPhoneSimulator.ActiveCfg = Debug|Any CPU
		{97F96A27-5914-4716-8F73-FAB9DAE01F4F}.Debug|iPhoneSimulator.Build.0 = Debug|Any CPU
		{97F96A27-5914-4716-8F73-FAB9DAE01F4F}.Debug|x64.ActiveCfg = Debug|Any CPU
		{97F96A27-5914-4716-8F73-FAB9DAE01F4F}.Debug|x64.Build.0 = Debug|Any CPU
		{97F96A27-5914-4716-8F73-FAB9DAE01F4F}.Debug|x86.ActiveCfg = Debug|Any CPU
		{97F96A27-5914-4716-8F73-FAB9DAE01F4F}.Debug|x86.Build.0 = Debug|Any CPU
		{97F96A27-5914-4716-8F73-FAB9DAE01F4F}.Release|Any CPU.ActiveCfg = Release|Any CPU
		{97F96A27-5914-4716-8F73-FAB9DAE01F4F}.Release|Any CPU.Build.0 = Release|Any CPU
		{97F96A27-5914-4716-8F73-FAB9DAE01F4F}.Release|ARM.ActiveCfg = Release|Any CPU
		{97F96A27-5914-4716-8F73-FAB9DAE01F4F}.Release|ARM.Build.0 = Release|Any CPU
		{97F96A27-5914-4716-8F73-FAB9DAE01F4F}.Release|iPhone.ActiveCfg = Release|Any CPU
		{97F96A27-5914-4716-8F73-FAB9DAE01F4F}.Release|iPhone.Build.0 = Release|Any CPU
		{97F96A27-5914-4716-8F73-FAB9DAE01F4F}.Release|iPhoneSimulator.ActiveCfg = Release|Any CPU
		{97F96A27-5914-4716-8F73-FAB9DAE01F4F}.Release|iPhoneSimulator.Build.0 = Release|Any CPU
		{97F96A27-5914-4716-8F73-FAB9DAE01F4F}.Release|x64.ActiveCfg = Release|Any CPU
		{97F96A27-5914-4716-8F73-FAB9DAE01F4F}.Release|x64.Build.0 = Release|Any CPU
		{97F96A27-5914-4716-8F73-FAB9DAE01F4F}.Release|x86.ActiveCfg = Release|Any CPU
		{97F96A27-5914-4716-8F73-FAB9DAE01F4F}.Release|x86.Build.0 = Release|Any CPU
	EndGlobalSection
	GlobalSection(SolutionProperties) = preSolution
		HideSolutionNode = FALSE
	EndGlobalSection
	GlobalSection(ExtensibilityGlobals) = postSolution
		SolutionGuid = {008AB672-7F6D-433E-ACEF-15BBDB7E0D78}
	EndGlobalSection
EndGlobal
